
Microsoft Visual Studio Solution File, Format Version 12.00
# Visual Studio 15
VisualStudioVersion = 15.0.27703.2000
MinimumVisualStudioVersion = 10.0.40219.1
Project("{8BC9CEB8-8B4A-11D0-8D11-00A0C91BC942}") = "RectanglePacker", "RectanglePacker\RectanglePacker.vcxproj", "{F7E9C1B8-8F3D-4485-8314-E5E017E4990D}"
EndProject
Global
	GlobalSection(SolutionConfigurationPlatforms) = preSolution
		Debug|x64 = Debug|x64
		Debug|x86 = Debug|x86
		Release|x64 = Release|x64
		Release|x86 = Release|x86
	EndGlobalSection
	GlobalSection(ProjectConfigurationPlatforms) = postSolution
		{F7E9C1B8-8F3D-4485-8314-E5E017E4990D}.Debug|x64.ActiveCfg = Debug|x64
		{F7E9C1B8-8F3D-4485-8314-E5E017E4990D}.Debug|x64.Build.0 = Debug|x64
		{F7E9C1B8-8F3D-4485-8314-E5E017E4990D}.Debug|x86.ActiveCfg = Debug|Win32
		{F7E9C1B8-8F3D-4485-8314-E5E017E4990D}.Debug|x86.Build.0 = Debug|Win32
		{F7E9C1B8-8F3D-4485-8314-E5E017E4990D}.Release|x64.ActiveCfg = Release|x64
		{F7E9C1B8-8F3D-4485-8314-E5E017E4990D}.Release|x64.Build.0 = Release|x64
		{F7E9C1B8-8F3D-4485-8314-E5E017E4990D}.Release|x86.ActiveCfg = Release|Win32
		{F7E9C1B8-8F3D-4485-8314-E5E017E4990D}.Release|x86.Build.0 = Release|Win32
	EndGlobalSection
	GlobalSection(SolutionProperties) = preSolution
		HideSolutionNode = FALSE
	EndGlobalSection
	GlobalSection(ExtensibilityGlobals) = postSolution
		SolutionGuid = {7DADED09-6689-4633-8ABD-733659DBA8F9}
	EndGlobalSection
EndGlobal
